# This file is automatically @generated by Poetry 1.8.2 and should not be changed by hand.

[[package]]
name = "pip"
version = "24.1.1"
description = "The PyPA recommended tool for installing Python packages."
optional = false
python-versions = ">=3.8"
files = [
    {file = "pip-24.1.1-py3-none-any.whl", hash = "sha256:efca15145a95e95c00608afeab66311d40bfb73bb2266a855befd705e6bb15a0"},
    {file = "pip-24.1.1.tar.gz", hash = "sha256:5aa64f65e1952733ee0a9a9b1f52496ebdb3f3077cc46f80a16d983b58d1180a"},
]

[metadata]
lock-version = "2.0"
python-versions = ">=3.9,<=3.13"
content-hash = "bd695643d4468ff6ac681a5291bdaae3807dedc983f3668fc070851f7917d7e1"
